
Microsoft Visual Studio Solution File, Format Version 12.00
# Visual Studio 14
VisualStudioVersion = 14.0.25123.0
MinimumVisualStudioVersion = 10.0.40219.1
Project("{8BC9CEB8-8B4A-11D0-8D11-00A0C91BC942}") = "app", "app\app.vcxproj", "{583AF4F4-CBAC-4211-B4CD-6A10A18634A9}"
EndProject
Project("{8BC9CEB8-8B4A-11D0-8D11-00A0C91BC942}") = "audio", "audio\audio.vcxproj", "{7D7AA572-7967-4BE6-8AA8-B8385EE683E3}"
EndProject
Project("{8BC9CEB8-8B4A-11D0-8D11-00A0C91BC942}") = "bank", "bank\bank.vcxproj", "{5AE24896-AA1A-4054-8B49-ED593FA3984F}"
EndProject
Project("{8BC9CEB8-8B4A-11D0-8D11-00A0C91BC942}") = "bblaunch", "bblaunch\bblaunch.vcxproj", "{2A868413-4DA2-43E1-9004-4783D2876318}"
EndProject
Project("{8BC9CEB8-8B4A-11D0-8D11-00A0C91BC942}") = "blitz2d", "blitz2d\blitz2d.vcxproj", "{F7F3698F-D9A6-4EF5-B3C9-B7DDB26CC9A2}"
EndProject
Project("{8BC9CEB8-8B4A-11D0-8D11-00A0C91BC942}") = "blitzcc", "blitzcc\blitzcc.vcxproj", "{521B8BA6-7674-40D2-94D4-182BB36D7C9C}"
EndProject
Project("{8BC9CEB8-8B4A-11D0-8D11-00A0C91BC942}") = "blitzplus", "blitzplus\blitzplus.vcxproj", "{DD2F75E4-9FCF-496F-B67A-9985E7911D2D}"
EndProject
Project("{8BC9CEB8-8B4A-11D0-8D11-00A0C91BC942}") = "canvas", "canvas\canvas.vcxproj", "{D87BAF46-DCB2-4E04-8E4A-C16F568BD7F7}"
EndProject
Project("{8BC9CEB8-8B4A-11D0-8D11-00A0C91BC942}") = "debug", "debug\debug.vcxproj", "{BA361156-5E98-47F9-A2CE-D1E7E07C7243}"
EndProject
Project("{8BC9CEB8-8B4A-11D0-8D11-00A0C91BC942}") = "debugger", "debugger\debugger.vcxproj", "{47CDBDE0-E5D9-4108-AD13-781862E223A1}"
EndProject
Project("{8BC9CEB8-8B4A-11D0-8D11-00A0C91BC942}") = "event", "event\event.vcxproj", "{93D10C37-5A55-4F5B-A2C6-D4DAF0C64F64}"
EndProject
Project("{8BC9CEB8-8B4A-11D0-8D11-00A0C91BC942}") = "filesys", "filesys\filesys.vcxproj", "{62D61989-B6A7-4361-9610-8698CFBCC305}"
EndProject
Project("{8BC9CEB8-8B4A-11D0-8D11-00A0C91BC942}") = "font", "font\font.vcxproj", "{169CF945-523A-41C9-9E67-A36CC3CAFF7D}"
EndProject
Project("{8BC9CEB8-8B4A-11D0-8D11-00A0C91BC942}") = "graphics", "graphics\graphics.vcxproj", "{8BF9C82F-A03A-49C2-98F9-BEA446013F4D}"
EndProject
Project("{8BC9CEB8-8B4A-11D0-8D11-00A0C91BC942}") = "grdriver", "grdriver\grdriver.vcxproj", "{455BADE9-4460-42D1-A49C-393B36D17EC3}"
EndProject
Project("{8BC9CEB8-8B4A-11D0-8D11-00A0C91BC942}") = "grdriver2d", "grdriver2d\grdriver2d.vcxproj", "{DA944A1C-1A1E-456B-9DED-C7AE65C493EA}"
EndProject
Project("{8BC9CEB8-8B4A-11D0-8D11-00A0C91BC942}") = "gui", "gui\gui.vcxproj", "{4434A345-2695-47E5-9F80-06C418BD0088}"
EndProject
Project("{8BC9CEB8-8B4A-11D0-8D11-00A0C91BC942}") = "ide", "ide\ide.vcxproj", "{1E5AC338-5F26-4918-B6F9-6D246AEBC6AC}"
EndProject
Project("{8BC9CEB8-8B4A-11D0-8D11-00A0C91BC942}") = "joystick", "joystick\joystick.vcxproj", "{F9D2E7AE-B04F-4765-B7C9-4CFF592DC46C}"
EndProject
Project("{8BC9CEB8-8B4A-11D0-8D11-00A0C91BC942}") = "linker", "linker\linker.vcxproj", "{7AE8C38E-25A8-4682-A65F-907DB0A1CD5C}"
EndProject
Project("{8BC9CEB8-8B4A-11D0-8D11-00A0C91BC942}") = "math", "math\math.vcxproj", "{4C06B455-C20B-45DC-876B-A1397FAEB6A2}"
EndProject
Project("{8BC9CEB8-8B4A-11D0-8D11-00A0C91BC942}") = "module", "module\module.vcxproj", "{42C880DE-6737-47BA-8F21-A97BFC1E7986}"
EndProject
Project("{8BC9CEB8-8B4A-11D0-8D11-00A0C91BC942}") = "movie", "movie\movie.vcxproj", "{64B23F4B-2768-4CD2-A21A-961049A3EB08}"
EndProject
Project("{8BC9CEB8-8B4A-11D0-8D11-00A0C91BC942}") = "object", "object\object.vcxproj", "{94383EBD-5D5B-45EB-B54F-2AAA7BCCAD0F}"
EndProject
Project("{8BC9CEB8-8B4A-11D0-8D11-00A0C91BC942}") = "opengl", "opengl\opengl.vcxproj", "{0B33CD21-0D5D-441E-BA37-E312C2FD3597}"
EndProject
Project("{8BC9CEB8-8B4A-11D0-8D11-00A0C91BC942}") = "process", "process\process.vcxproj", "{AB86A068-1ABB-44BC-B7AE-2009DA57B431}"
EndProject
Project("{8BC9CEB8-8B4A-11D0-8D11-00A0C91BC942}") = "rsource", "rsource\rsource.vcxproj", "{8AE29C83-F21D-4CCE-8477-1FE593CBAFC0}"
EndProject
Project("{8BC9CEB8-8B4A-11D0-8D11-00A0C91BC942}") = "screen", "screen\screen.vcxproj", "{42514061-756D-43DF-93F9-5AB2745F54E9}"
EndProject
Project("{8BC9CEB8-8B4A-11D0-8D11-00A0C91BC942}") = "stream", "stream\stream.vcxproj", "{E3424DC4-EBCE-462C-8B99-63434A8FE186}"
EndProject
Project("{8BC9CEB8-8B4A-11D0-8D11-00A0C91BC942}") = "string", "string\string.vcxproj", "{C70F28C8-4B21-43F6-8B56-ED2FDE29E1D4}"
EndProject
Project("{8BC9CEB8-8B4A-11D0-8D11-00A0C91BC942}") = "tcpip", "tcpip\tcpip.vcxproj", "{3B82E3D8-5099-4F1E-8BC6-5FB27FDE786B}"
EndProject
Project("{8BC9CEB8-8B4A-11D0-8D11-00A0C91BC942}") = "time", "time\time.vcxproj", "{E64EB741-214B-4956-94AE-4986694DE5F6}"
EndProject
Project("{8BC9CEB8-8B4A-11D0-8D11-00A0C91BC942}") = "timer", "timer\timer.vcxproj", "{28A69C70-3BBE-49CA-92DF-C1DF7BFFBC67}"
EndProject
Project("{8BC9CEB8-8B4A-11D0-8D11-00A0C91BC942}") = "visual", "visual\visual.vcxproj", "{BA0811EA-A2E9-4B96-9105-67A4AC3BBF1D}"
EndProject
Project("{8BC9CEB8-8B4A-11D0-8D11-00A0C91BC942}") = "win32canvas", "win32canvas\win32canvas.vcxproj", "{369F54B0-FCE4-4FF4-8E9C-024B155365EB}"
EndProject
Project("{8BC9CEB8-8B4A-11D0-8D11-00A0C91BC942}") = "win32dd", "win32dd\win32dd.vcxproj", "{E53DA166-F5B6-4405-8C7B-2A5C46B8319D}"
EndProject
Project("{8BC9CEB8-8B4A-11D0-8D11-00A0C91BC942}") = "win32ddcanvas", "win32ddcanvas\win32ddcanvas.vcxproj", "{22900DB8-79D5-4853-A097-9014474A9645}"
EndProject
Project("{8BC9CEB8-8B4A-11D0-8D11-00A0C91BC942}") = "win32ddgrdriver2d", "win32ddgrdriver2d\win32ddgrdriver2d.vcxproj", "{265CD893-CD40-4019-83C9-563D0DB5A4ED}"
EndProject
Project("{8BC9CEB8-8B4A-11D0-8D11-00A0C91BC942}") = "win32ddscreen", "win32ddscreen\win32ddscreen.vcxproj", "{C6B55C40-66AC-42B2-BC61-84B31F8F7629}"
EndProject
Project("{8BC9CEB8-8B4A-11D0-8D11-00A0C91BC942}") = "win32dib", "win32dib\win32dib.vcxproj", "{B0CEDE16-6C91-4749-B701-387FC29BC90D}"
EndProject
Project("{8BC9CEB8-8B4A-11D0-8D11-00A0C91BC942}") = "win32dpnetgame", "win32dpnetgame\win32dpnetgame.vcxproj", "{9CECB902-C6D5-439F-B406-6506C889D69A}"
EndProject
Project("{8BC9CEB8-8B4A-11D0-8D11-00A0C91BC942}") = "win32dsmovie", "win32dsmovie\win32dsmovie.vcxproj", "{A254BC2A-A7C0-4621-B73E-447A5620F330}"
EndProject
Project("{8BC9CEB8-8B4A-11D0-8D11-00A0C91BC942}") = "win32event", "win32event\win32event.vcxproj", "{DBC6CA13-F7B1-4226-B45B-6CFC0ECE4BA9}"
EndProject
Project("{8BC9CEB8-8B4A-11D0-8D11-00A0C91BC942}") = "win32font", "win32font\win32font.vcxproj", "{FDB6AEB6-DB34-4E8F-A5E5-411502EAD417}"
EndProject
Project("{8BC9CEB8-8B4A-11D0-8D11-00A0C91BC942}") = "win32gdi", "win32gdi\win32gdi.vcxproj", "{FA30315B-DE55-4A25-8F35-7F6685BC6EA5}"
EndProject
Project("{8BC9CEB8-8B4A-11D0-8D11-00A0C91BC942}") = "win32gdicanvas", "win32gdicanvas\win32gdicanvas.vcxproj", "{8F94969C-1BA4-4DAA-8341-C16DE3E14A7B}"
EndProject
Project("{8BC9CEB8-8B4A-11D0-8D11-00A0C91BC942}") = "win32gdigrdriver2d", "win32gdigrdriver2d\win32gdigrdriver2d.vcxproj", "{F829654A-06C3-4F90-B684-7227F8FB5200}"
EndProject
Project("{8BC9CEB8-8B4A-11D0-8D11-00A0C91BC942}") = "win32gdiscreen", "win32gdiscreen\win32gdiscreen.vcxproj", "{39012CB3-D84F-4AA4-88AD-52B0775E6E2F}"
EndProject
Project("{8BC9CEB8-8B4A-11D0-8D11-00A0C91BC942}") = "win32gl", "win32gl\win32gl.vcxproj", "{024E1CB9-B79E-4A9E-8743-0574E0F2FD3D}"
EndProject
Project("{8BC9CEB8-8B4A-11D0-8D11-00A0C91BC942}") = "win32glcanvas", "win32glcanvas\win32glcanvas.vcxproj", "{C15130D7-E55F-426A-B0BD-349BD703B558}"
EndProject
Project("{8BC9CEB8-8B4A-11D0-8D11-00A0C91BC942}") = "win32glgrdriver2d", "win32glgrdriver2d\win32glgrdriver2d.vcxproj", "{7F330CD5-2603-417D-A116-E5F880F90C91}"
EndProject
Project("{8BC9CEB8-8B4A-11D0-8D11-00A0C91BC942}") = "win32glscreen", "win32glscreen\win32glscreen.vcxproj", "{BDBABAC9-0AEF-4403-9A5C-035402623D3B}"
EndProject
Project("{8BC9CEB8-8B4A-11D0-8D11-00A0C91BC942}") = "win32gui", "win32gui\win32gui.vcxproj", "{6B37A1B7-35EE-41A0-8963-264D23728874}"
EndProject
Project("{8BC9CEB8-8B4A-11D0-8D11-00A0C91BC942}") = "win32hwnd", "win32hwnd\win32hwnd.vcxproj", "{3DAA1D3F-17BB-4E5B-99C0-A67FADB14E16}"
EndProject
Project("{8BC9CEB8-8B4A-11D0-8D11-00A0C91BC942}") = "win32screen", "win32screen\win32screen.vcxproj", "{F418BF1A-1D60-4147-9653-18D2B9CE107B}"
EndProject
Project("{8BC9CEB8-8B4A-11D0-8D11-00A0C91BC942}") = "win32timer", "win32timer\win32timer.vcxproj", "{BFA5C9E0-F47F-45B2-B795-8221DB65E563}"
EndProject
Global
	GlobalSection(SolutionConfigurationPlatforms) = preSolution
		Debug|x86 = Debug|x86
		Release|x86 = Release|x86
		Template|x86 = Template|x86
	EndGlobalSection
	GlobalSection(ProjectConfigurationPlatforms) = postSolution
		{583AF4F4-CBAC-4211-B4CD-6A10A18634A9}.Debug|x86.ActiveCfg = Debug|Win32
		{583AF4F4-CBAC-4211-B4CD-6A10A18634A9}.Debug|x86.Build.0 = Debug|Win32
		{583AF4F4-CBAC-4211-B4CD-6A10A18634A9}.Release|x86.ActiveCfg = Release|Win32
		{583AF4F4-CBAC-4211-B4CD-6A10A18634A9}.Release|x86.Build.0 = Release|Win32
		{583AF4F4-CBAC-4211-B4CD-6A10A18634A9}.Template|x86.ActiveCfg = Release|Win32
		{583AF4F4-CBAC-4211-B4CD-6A10A18634A9}.Template|x86.Build.0 = Release|Win32
		{7D7AA572-7967-4BE6-8AA8-B8385EE683E3}.Debug|x86.ActiveCfg = Debug|Win32
		{7D7AA572-7967-4BE6-8AA8-B8385EE683E3}.Debug|x86.Build.0 = Debug|Win32
		{7D7AA572-7967-4BE6-8AA8-B8385EE683E3}.Release|x86.ActiveCfg = Release|Win32
		{7D7AA572-7967-4BE6-8AA8-B8385EE683E3}.Release|x86.Build.0 = Release|Win32
		{7D7AA572-7967-4BE6-8AA8-B8385EE683E3}.Template|x86.ActiveCfg = Template|Win32
		{7D7AA572-7967-4BE6-8AA8-B8385EE683E3}.Template|x86.Build.0 = Template|Win32
		{5AE24896-AA1A-4054-8B49-ED593FA3984F}.Debug|x86.ActiveCfg = Debug|Win32
		{5AE24896-AA1A-4054-8B49-ED593FA3984F}.Debug|x86.Build.0 = Debug|Win32
		{5AE24896-AA1A-4054-8B49-ED593FA3984F}.Release|x86.ActiveCfg = Release|Win32
		{5AE24896-AA1A-4054-8B49-ED593FA3984F}.Release|x86.Build.0 = Release|Win32
		{5AE24896-AA1A-4054-8B49-ED593FA3984F}.Template|x86.ActiveCfg = Template|Win32
		{5AE24896-AA1A-4054-8B49-ED593FA3984F}.Template|x86.Build.0 = Template|Win32
		{2A868413-4DA2-43E1-9004-4783D2876318}.Debug|x86.ActiveCfg = Debug|Win32
		{2A868413-4DA2-43E1-9004-4783D2876318}.Debug|x86.Build.0 = Debug|Win32
		{2A868413-4DA2-43E1-9004-4783D2876318}.Release|x86.ActiveCfg = Release|Win32
		{2A868413-4DA2-43E1-9004-4783D2876318}.Release|x86.Build.0 = Release|Win32
		{2A868413-4DA2-43E1-9004-4783D2876318}.Template|x86.ActiveCfg = Template|Win32
		{2A868413-4DA2-43E1-9004-4783D2876318}.Template|x86.Build.0 = Template|Win32
		{F7F3698F-D9A6-4EF5-B3C9-B7DDB26CC9A2}.Debug|x86.ActiveCfg = Debug|Win32
		{F7F3698F-D9A6-4EF5-B3C9-B7DDB26CC9A2}.Debug|x86.Build.0 = Debug|Win32
		{F7F3698F-D9A6-4EF5-B3C9-B7DDB26CC9A2}.Release|x86.ActiveCfg = Release|Win32
		{F7F3698F-D9A6-4EF5-B3C9-B7DDB26CC9A2}.Release|x86.Build.0 = Release|Win32
		{F7F3698F-D9A6-4EF5-B3C9-B7DDB26CC9A2}.Template|x86.ActiveCfg = Template|Win32
		{F7F3698F-D9A6-4EF5-B3C9-B7DDB26CC9A2}.Template|x86.Build.0 = Template|Win32
		{521B8BA6-7674-40D2-94D4-182BB36D7C9C}.Debug|x86.ActiveCfg = Debug|Win32
		{521B8BA6-7674-40D2-94D4-182BB36D7C9C}.Debug|x86.Build.0 = Debug|Win32
		{521B8BA6-7674-40D2-94D4-182BB36D7C9C}.Release|x86.ActiveCfg = Release|Win32
		{521B8BA6-7674-40D2-94D4-182BB36D7C9C}.Release|x86.Build.0 = Release|Win32
		{521B8BA6-7674-40D2-94D4-182BB36D7C9C}.Template|x86.ActiveCfg = Template|Win32
		{521B8BA6-7674-40D2-94D4-182BB36D7C9C}.Template|x86.Build.0 = Template|Win32
		{DD2F75E4-9FCF-496F-B67A-9985E7911D2D}.Debug|x86.ActiveCfg = Debug|Win32
		{DD2F75E4-9FCF-496F-B67A-9985E7911D2D}.Debug|x86.Build.0 = Debug|Win32
		{DD2F75E4-9FCF-496F-B67A-9985E7911D2D}.Release|x86.ActiveCfg = Release|Win32
		{DD2F75E4-9FCF-496F-B67A-9985E7911D2D}.Release|x86.Build.0 = Release|Win32
		{DD2F75E4-9FCF-496F-B67A-9985E7911D2D}.Template|x86.ActiveCfg = Template|Win32
		{DD2F75E4-9FCF-496F-B67A-9985E7911D2D}.Template|x86.Build.0 = Template|Win32
		{D87BAF46-DCB2-4E04-8E4A-C16F568BD7F7}.Debug|x86.ActiveCfg = Debug|Win32
		{D87BAF46-DCB2-4E04-8E4A-C16F568BD7F7}.Debug|x86.Build.0 = Debug|Win32
		{D87BAF46-DCB2-4E04-8E4A-C16F568BD7F7}.Release|x86.ActiveCfg = Release|Win32
		{D87BAF46-DCB2-4E04-8E4A-C16F568BD7F7}.Release|x86.Build.0 = Release|Win32
		{D87BAF46-DCB2-4E04-8E4A-C16F568BD7F7}.Template|x86.ActiveCfg = Template|Win32
		{D87BAF46-DCB2-4E04-8E4A-C16F568BD7F7}.Template|x86.Build.0 = Template|Win32
		{BA361156-5E98-47F9-A2CE-D1E7E07C7243}.Debug|x86.ActiveCfg = Debug|Win32
		{BA361156-5E98-47F9-A2CE-D1E7E07C7243}.Debug|x86.Build.0 = Debug|Win32
		{BA361156-5E98-47F9-A2CE-D1E7E07C7243}.Release|x86.ActiveCfg = Release|Win32
		{BA361156-5E98-47F9-A2CE-D1E7E07C7243}.Release|x86.Build.0 = Release|Win32
		{BA361156-5E98-47F9-A2CE-D1E7E07C7243}.Template|x86.ActiveCfg = Template|Win32
		{BA361156-5E98-47F9-A2CE-D1E7E07C7243}.Template|x86.Build.0 = Template|Win32
		{47CDBDE0-E5D9-4108-AD13-781862E223A1}.Debug|x86.ActiveCfg = Debug|Win32
		{47CDBDE0-E5D9-4108-AD13-781862E223A1}.Debug|x86.Build.0 = Debug|Win32
		{47CDBDE0-E5D9-4108-AD13-781862E223A1}.Release|x86.ActiveCfg = Release|Win32
		{47CDBDE0-E5D9-4108-AD13-781862E223A1}.Release|x86.Build.0 = Release|Win32
		{47CDBDE0-E5D9-4108-AD13-781862E223A1}.Template|x86.ActiveCfg = Template|Win32
		{47CDBDE0-E5D9-4108-AD13-781862E223A1}.Template|x86.Build.0 = Template|Win32
		{93D10C37-5A55-4F5B-A2C6-D4DAF0C64F64}.Debug|x86.ActiveCfg = Debug|Win32
		{93D10C37-5A55-4F5B-A2C6-D4DAF0C64F64}.Debug|x86.Build.0 = Debug|Win32
		{93D10C37-5A55-4F5B-A2C6-D4DAF0C64F64}.Release|x86.ActiveCfg = Release|Win32
		{93D10C37-5A55-4F5B-A2C6-D4DAF0C64F64}.Release|x86.Build.0 = Release|Win32
		{93D10C37-5A55-4F5B-A2C6-D4DAF0C64F64}.Template|x86.ActiveCfg = Template|Win32
		{93D10C37-5A55-4F5B-A2C6-D4DAF0C64F64}.Template|x86.Build.0 = Template|Win32
		{62D61989-B6A7-4361-9610-8698CFBCC305}.Debug|x86.ActiveCfg = Debug|Win32
		{62D61989-B6A7-4361-9610-8698CFBCC305}.Debug|x86.Build.0 = Debug|Win32
		{62D61989-B6A7-4361-9610-8698CFBCC305}.Release|x86.ActiveCfg = Release|Win32
		{62D61989-B6A7-4361-9610-8698CFBCC305}.Release|x86.Build.0 = Release|Win32
		{62D61989-B6A7-4361-9610-8698CFBCC305}.Template|x86.ActiveCfg = Template|Win32
		{62D61989-B6A7-4361-9610-8698CFBCC305}.Template|x86.Build.0 = Template|Win32
		{169CF945-523A-41C9-9E67-A36CC3CAFF7D}.Debug|x86.ActiveCfg = Debug|Win32
		{169CF945-523A-41C9-9E67-A36CC3CAFF7D}.Debug|x86.Build.0 = Debug|Win32
		{169CF945-523A-41C9-9E67-A36CC3CAFF7D}.Release|x86.ActiveCfg = Release|Win32
		{169CF945-523A-41C9-9E67-A36CC3CAFF7D}.Release|x86.Build.0 = Release|Win32
		{169CF945-523A-41C9-9E67-A36CC3CAFF7D}.Template|x86.ActiveCfg = Template|Win32
		{169CF945-523A-41C9-9E67-A36CC3CAFF7D}.Template|x86.Build.0 = Template|Win32
		{8BF9C82F-A03A-49C2-98F9-BEA446013F4D}.Debug|x86.ActiveCfg = Debug|Win32
		{8BF9C82F-A03A-49C2-98F9-BEA446013F4D}.Debug|x86.Build.0 = Debug|Win32
		{8BF9C82F-A03A-49C2-98F9-BEA446013F4D}.Release|x86.ActiveCfg = Release|Win32
		{8BF9C82F-A03A-49C2-98F9-BEA446013F4D}.Release|x86.Build.0 = Release|Win32
		{8BF9C82F-A03A-49C2-98F9-BEA446013F4D}.Template|x86.ActiveCfg = Template|Win32
		{8BF9C82F-A03A-49C2-98F9-BEA446013F4D}.Template|x86.Build.0 = Template|Win32
		{455BADE9-4460-42D1-A49C-393B36D17EC3}.Debug|x86.ActiveCfg = Debug|Win32
		{455BADE9-4460-42D1-A49C-393B36D17EC3}.Debug|x86.Build.0 = Debug|Win32
		{455BADE9-4460-42D1-A49C-393B36D17EC3}.Release|x86.ActiveCfg = Release|Win32
		{455BADE9-4460-42D1-A49C-393B36D17EC3}.Release|x86.Build.0 = Release|Win32
		{455BADE9-4460-42D1-A49C-393B36D17EC3}.Template|x86.ActiveCfg = Template|Win32
		{455BADE9-4460-42D1-A49C-393B36D17EC3}.Template|x86.Build.0 = Template|Win32
		{DA944A1C-1A1E-456B-9DED-C7AE65C493EA}.Debug|x86.ActiveCfg = Debug|Win32
		{DA944A1C-1A1E-456B-9DED-C7AE65C493EA}.Debug|x86.Build.0 = Debug|Win32
		{DA944A1C-1A1E-456B-9DED-C7AE65C493EA}.Release|x86.ActiveCfg = Release|Win32
		{DA944A1C-1A1E-456B-9DED-C7AE65C493EA}.Release|x86.Build.0 = Release|Win32
		{DA944A1C-1A1E-456B-9DED-C7AE65C493EA}.Template|x86.ActiveCfg = Template|Win32
		{DA944A1C-1A1E-456B-9DED-C7AE65C493EA}.Template|x86.Build.0 = Template|Win32
		{4434A345-2695-47E5-9F80-06C418BD0088}.Debug|x86.ActiveCfg = Debug|Win32
		{4434A345-2695-47E5-9F80-06C418BD0088}.Debug|x86.Build.0 = Debug|Win32
		{4434A345-2695-47E5-9F80-06C418BD0088}.Release|x86.ActiveCfg = Release|Win32
		{4434A345-2695-47E5-9F80-06C418BD0088}.Release|x86.Build.0 = Release|Win32
		{4434A345-2695-47E5-9F80-06C418BD0088}.Template|x86.ActiveCfg = Template|Win32
		{4434A345-2695-47E5-9F80-06C418BD0088}.Template|x86.Build.0 = Template|Win32
		{1E5AC338-5F26-4918-B6F9-6D246AEBC6AC}.Debug|x86.ActiveCfg = Debug|Win32
		{1E5AC338-5F26-4918-B6F9-6D246AEBC6AC}.Debug|x86.Build.0 = Debug|Win32
		{1E5AC338-5F26-4918-B6F9-6D246AEBC6AC}.Release|x86.ActiveCfg = Release|Win32
		{1E5AC338-5F26-4918-B6F9-6D246AEBC6AC}.Release|x86.Build.0 = Release|Win32
		{1E5AC338-5F26-4918-B6F9-6D246AEBC6AC}.Template|x86.ActiveCfg = Template|Win32
		{1E5AC338-5F26-4918-B6F9-6D246AEBC6AC}.Template|x86.Build.0 = Template|Win32
		{F9D2E7AE-B04F-4765-B7C9-4CFF592DC46C}.Debug|x86.ActiveCfg = Debug|Win32
		{F9D2E7AE-B04F-4765-B7C9-4CFF592DC46C}.Debug|x86.Build.0 = Debug|Win32
		{F9D2E7AE-B04F-4765-B7C9-4CFF592DC46C}.Release|x86.ActiveCfg = Release|Win32
		{F9D2E7AE-B04F-4765-B7C9-4CFF592DC46C}.Release|x86.Build.0 = Release|Win32
		{F9D2E7AE-B04F-4765-B7C9-4CFF592DC46C}.Template|x86.ActiveCfg = Template|Win32
		{F9D2E7AE-B04F-4765-B7C9-4CFF592DC46C}.Template|x86.Build.0 = Template|Win32
		{7AE8C38E-25A8-4682-A65F-907DB0A1CD5C}.Debug|x86.ActiveCfg = Debug|Win32
		{7AE8C38E-25A8-4682-A65F-907DB0A1CD5C}.Debug|x86.Build.0 = Debug|Win32
		{7AE8C38E-25A8-4682-A65F-907DB0A1CD5C}.Release|x86.ActiveCfg = Release|Win32
		{7AE8C38E-25A8-4682-A65F-907DB0A1CD5C}.Release|x86.Build.0 = Release|Win32
		{7AE8C38E-25A8-4682-A65F-907DB0A1CD5C}.Template|x86.ActiveCfg = Template|Win32
		{7AE8C38E-25A8-4682-A65F-907DB0A1CD5C}.Template|x86.Build.0 = Template|Win32
		{4C06B455-C20B-45DC-876B-A1397FAEB6A2}.Debug|x86.ActiveCfg = Debug|Win32
		{4C06B455-C20B-45DC-876B-A1397FAEB6A2}.Debug|x86.Build.0 = Debug|Win32
		{4C06B455-C20B-45DC-876B-A1397FAEB6A2}.Release|x86.ActiveCfg = Release|Win32
		{4C06B455-C20B-45DC-876B-A1397FAEB6A2}.Release|x86.Build.0 = Release|Win32
		{4C06B455-C20B-45DC-876B-A1397FAEB6A2}.Template|x86.ActiveCfg = Template|Win32
		{4C06B455-C20B-45DC-876B-A1397FAEB6A2}.Template|x86.Build.0 = Template|Win32
		{42C880DE-6737-47BA-8F21-A97BFC1E7986}.Debug|x86.ActiveCfg = Debug|Win32
		{42C880DE-6737-47BA-8F21-A97BFC1E7986}.Debug|x86.Build.0 = Debug|Win32
		{42C880DE-6737-47BA-8F21-A97BFC1E7986}.Release|x86.ActiveCfg = Release|Win32
		{42C880DE-6737-47BA-8F21-A97BFC1E7986}.Release|x86.Build.0 = Release|Win32
		{42C880DE-6737-47BA-8F21-A97BFC1E7986}.Template|x86.ActiveCfg = Template|Win32
		{42C880DE-6737-47BA-8F21-A97BFC1E7986}.Template|x86.Build.0 = Template|Win32
		{64B23F4B-2768-4CD2-A21A-961049A3EB08}.Debug|x86.ActiveCfg = Debug|Win32
		{64B23F4B-2768-4CD2-A21A-961049A3EB08}.Debug|x86.Build.0 = Debug|Win32
		{64B23F4B-2768-4CD2-A21A-961049A3EB08}.Release|x86.ActiveCfg = Release|Win32
		{64B23F4B-2768-4CD2-A21A-961049A3EB08}.Release|x86.Build.0 = Release|Win32
		{64B23F4B-2768-4CD2-A21A-961049A3EB08}.Template|x86.ActiveCfg = Template|Win32
		{64B23F4B-2768-4CD2-A21A-961049A3EB08}.Template|x86.Build.0 = Template|Win32
		{94383EBD-5D5B-45EB-B54F-2AAA7BCCAD0F}.Debug|x86.ActiveCfg = Debug|Win32
		{94383EBD-5D5B-45EB-B54F-2AAA7BCCAD0F}.Debug|x86.Build.0 = Debug|Win32
		{94383EBD-5D5B-45EB-B54F-2AAA7BCCAD0F}.Release|x86.ActiveCfg = Release|Win32
		{94383EBD-5D5B-45EB-B54F-2AAA7BCCAD0F}.Release|x86.Build.0 = Release|Win32
		{94383EBD-5D5B-45EB-B54F-2AAA7BCCAD0F}.Template|x86.ActiveCfg = Template|Win32
		{94383EBD-5D5B-45EB-B54F-2AAA7BCCAD0F}.Template|x86.Build.0 = Template|Win32
		{0B33CD21-0D5D-441E-BA37-E312C2FD3597}.Debug|x86.ActiveCfg = Debug|Win32
		{0B33CD21-0D5D-441E-BA37-E312C2FD3597}.Debug|x86.Build.0 = Debug|Win32
		{0B33CD21-0D5D-441E-BA37-E312C2FD3597}.Release|x86.ActiveCfg = Release|Win32
		{0B33CD21-0D5D-441E-BA37-E312C2FD3597}.Release|x86.Build.0 = Release|Win32
		{0B33CD21-0D5D-441E-BA37-E312C2FD3597}.Template|x86.ActiveCfg = Template|Win32
		{0B33CD21-0D5D-441E-BA37-E312C2FD3597}.Template|x86.Build.0 = Template|Win32
		{AB86A068-1ABB-44BC-B7AE-2009DA57B431}.Debug|x86.ActiveCfg = Debug|Win32
		{AB86A068-1ABB-44BC-B7AE-2009DA57B431}.Debug|x86.Build.0 = Debug|Win32
		{AB86A068-1ABB-44BC-B7AE-2009DA57B431}.Release|x86.ActiveCfg = Release|Win32
		{AB86A068-1ABB-44BC-B7AE-2009DA57B431}.Release|x86.Build.0 = Release|Win32
		{AB86A068-1ABB-44BC-B7AE-2009DA57B431}.Template|x86.ActiveCfg = Template|Win32
		{AB86A068-1ABB-44BC-B7AE-2009DA57B431}.Template|x86.Build.0 = Template|Win32
		{8AE29C83-F21D-4CCE-8477-1FE593CBAFC0}.Debug|x86.ActiveCfg = Debug|Win32
		{8AE29C83-F21D-4CCE-8477-1FE593CBAFC0}.Debug|x86.Build.0 = Debug|Win32
		{8AE29C83-F21D-4CCE-8477-1FE593CBAFC0}.Release|x86.ActiveCfg = Release|Win32
		{8AE29C83-F21D-4CCE-8477-1FE593CBAFC0}.Release|x86.Build.0 = Release|Win32
		{8AE29C83-F21D-4CCE-8477-1FE593CBAFC0}.Template|x86.ActiveCfg = Template|Win32
		{8AE29C83-F21D-4CCE-8477-1FE593CBAFC0}.Template|x86.Build.0 = Template|Win32
		{42514061-756D-43DF-93F9-5AB2745F54E9}.Debug|x86.ActiveCfg = Debug|Win32
		{42514061-756D-43DF-93F9-5AB2745F54E9}.Debug|x86.Build.0 = Debug|Win32
		{42514061-756D-43DF-93F9-5AB2745F54E9}.Release|x86.ActiveCfg = Release|Win32
		{42514061-756D-43DF-93F9-5AB2745F54E9}.Release|x86.Build.0 = Release|Win32
		{42514061-756D-43DF-93F9-5AB2745F54E9}.Template|x86.ActiveCfg = Template|Win32
		{42514061-756D-43DF-93F9-5AB2745F54E9}.Template|x86.Build.0 = Template|Win32
		{E3424DC4-EBCE-462C-8B99-63434A8FE186}.Debug|x86.ActiveCfg = Debug|Win32
		{E3424DC4-EBCE-462C-8B99-63434A8FE186}.Debug|x86.Build.0 = Debug|Win32
		{E3424DC4-EBCE-462C-8B99-63434A8FE186}.Release|x86.ActiveCfg = Release|Win32
		{E3424DC4-EBCE-462C-8B99-63434A8FE186}.Release|x86.Build.0 = Release|Win32
		{E3424DC4-EBCE-462C-8B99-63434A8FE186}.Template|x86.ActiveCfg = Template|Win32
		{E3424DC4-EBCE-462C-8B99-63434A8FE186}.Template|x86.Build.0 = Template|Win32
		{C70F28C8-4B21-43F6-8B56-ED2FDE29E1D4}.Debug|x86.ActiveCfg = Debug|Win32
		{C70F28C8-4B21-43F6-8B56-ED2FDE29E1D4}.Debug|x86.Build.0 = Debug|Win32
		{C70F28C8-4B21-43F6-8B56-ED2FDE29E1D4}.Release|x86.ActiveCfg = Release|Win32
		{C70F28C8-4B21-43F6-8B56-ED2FDE29E1D4}.Release|x86.Build.0 = Release|Win32
		{C70F28C8-4B21-43F6-8B56-ED2FDE29E1D4}.Template|x86.ActiveCfg = Template|Win32
		{C70F28C8-4B21-43F6-8B56-ED2FDE29E1D4}.Template|x86.Build.0 = Template|Win32
		{3B82E3D8-5099-4F1E-8BC6-5FB27FDE786B}.Debug|x86.ActiveCfg = Debug|Win32
		{3B82E3D8-5099-4F1E-8BC6-5FB27FDE786B}.Debug|x86.Build.0 = Debug|Win32
		{3B82E3D8-5099-4F1E-8BC6-5FB27FDE786B}.Release|x86.ActiveCfg = Release|Win32
		{3B82E3D8-5099-4F1E-8BC6-5FB27FDE786B}.Release|x86.Build.0 = Release|Win32
		{3B82E3D8-5099-4F1E-8BC6-5FB27FDE786B}.Template|x86.ActiveCfg = Template|Win32
		{3B82E3D8-5099-4F1E-8BC6-5FB27FDE786B}.Template|x86.Build.0 = Template|Win32
		{E64EB741-214B-4956-94AE-4986694DE5F6}.Debug|x86.ActiveCfg = Debug|Win32
		{E64EB741-214B-4956-94AE-4986694DE5F6}.Debug|x86.Build.0 = Debug|Win32
		{E64EB741-214B-4956-94AE-4986694DE5F6}.Release|x86.ActiveCfg = Release|Win32
		{E64EB741-214B-4956-94AE-4986694DE5F6}.Release|x86.Build.0 = Release|Win32
		{E64EB741-214B-4956-94AE-4986694DE5F6}.Template|x86.ActiveCfg = Template|Win32
		{E64EB741-214B-4956-94AE-4986694DE5F6}.Template|x86.Build.0 = Template|Win32
		{28A69C70-3BBE-49CA-92DF-C1DF7BFFBC67}.Debug|x86.ActiveCfg = Debug|Win32
		{28A69C70-3BBE-49CA-92DF-C1DF7BFFBC67}.Debug|x86.Build.0 = Debug|Win32
		{28A69C70-3BBE-49CA-92DF-C1DF7BFFBC67}.Release|x86.ActiveCfg = Release|Win32
		{28A69C70-3BBE-49CA-92DF-C1DF7BFFBC67}.Release|x86.Build.0 = Release|Win32
		{28A69C70-3BBE-49CA-92DF-C1DF7BFFBC67}.Template|x86.ActiveCfg = Template|Win32
		{28A69C70-3BBE-49CA-92DF-C1DF7BFFBC67}.Template|x86.Build.0 = Template|Win32
		{BA0811EA-A2E9-4B96-9105-67A4AC3BBF1D}.Debug|x86.ActiveCfg = Debug|Win32
		{BA0811EA-A2E9-4B96-9105-67A4AC3BBF1D}.Debug|x86.Build.0 = Debug|Win32
		{BA0811EA-A2E9-4B96-9105-67A4AC3BBF1D}.Release|x86.ActiveCfg = Release|Win32
		{BA0811EA-A2E9-4B96-9105-67A4AC3BBF1D}.Release|x86.Build.0 = Release|Win32
		{BA0811EA-A2E9-4B96-9105-67A4AC3BBF1D}.Template|x86.ActiveCfg = Template|Win32
		{BA0811EA-A2E9-4B96-9105-67A4AC3BBF1D}.Template|x86.Build.0 = Template|Win32
		{369F54B0-FCE4-4FF4-8E9C-024B155365EB}.Debug|x86.ActiveCfg = Debug|Win32
		{369F54B0-FCE4-4FF4-8E9C-024B155365EB}.Debug|x86.Build.0 = Debug|Win32
		{369F54B0-FCE4-4FF4-8E9C-024B155365EB}.Release|x86.ActiveCfg = Release|Win32
		{369F54B0-FCE4-4FF4-8E9C-024B155365EB}.Release|x86.Build.0 = Release|Win32
		{369F54B0-FCE4-4FF4-8E9C-024B155365EB}.Template|x86.ActiveCfg = Template|Win32
		{369F54B0-FCE4-4FF4-8E9C-024B155365EB}.Template|x86.Build.0 = Template|Win32
		{E53DA166-F5B6-4405-8C7B-2A5C46B8319D}.Debug|x86.ActiveCfg = Debug|Win32
		{E53DA166-F5B6-4405-8C7B-2A5C46B8319D}.Debug|x86.Build.0 = Debug|Win32
		{E53DA166-F5B6-4405-8C7B-2A5C46B8319D}.Release|x86.ActiveCfg = Release|Win32
		{E53DA166-F5B6-4405-8C7B-2A5C46B8319D}.Release|x86.Build.0 = Release|Win32
		{E53DA166-F5B6-4405-8C7B-2A5C46B8319D}.Template|x86.ActiveCfg = Template|Win32
		{E53DA166-F5B6-4405-8C7B-2A5C46B8319D}.Template|x86.Build.0 = Template|Win32
		{22900DB8-79D5-4853-A097-9014474A9645}.Debug|x86.ActiveCfg = Debug|Win32
		{22900DB8-79D5-4853-A097-9014474A9645}.Debug|x86.Build.0 = Debug|Win32
		{22900DB8-79D5-4853-A097-9014474A9645}.Release|x86.ActiveCfg = Release|Win32
		{22900DB8-79D5-4853-A097-9014474A9645}.Release|x86.Build.0 = Release|Win32
		{22900DB8-79D5-4853-A097-9014474A9645}.Template|x86.ActiveCfg = Template|Win32
		{22900DB8-79D5-4853-A097-9014474A9645}.Template|x86.Build.0 = Template|Win32
		{265CD893-CD40-4019-83C9-563D0DB5A4ED}.Debug|x86.ActiveCfg = Debug|Win32
		{265CD893-CD40-4019-83C9-563D0DB5A4ED}.Debug|x86.Build.0 = Debug|Win32
		{265CD893-CD40-4019-83C9-563D0DB5A4ED}.Release|x86.ActiveCfg = Release|Win32
		{265CD893-CD40-4019-83C9-563D0DB5A4ED}.Release|x86.Build.0 = Release|Win32
		{265CD893-CD40-4019-83C9-563D0DB5A4ED}.Template|x86.ActiveCfg = Template|Win32
		{265CD893-CD40-4019-83C9-563D0DB5A4ED}.Template|x86.Build.0 = Template|Win32
		{C6B55C40-66AC-42B2-BC61-84B31F8F7629}.Debug|x86.ActiveCfg = Debug|Win32
		{C6B55C40-66AC-42B2-BC61-84B31F8F7629}.Debug|x86.Build.0 = Debug|Win32
		{C6B55C40-66AC-42B2-BC61-84B31F8F7629}.Release|x86.ActiveCfg = Release|Win32
		{C6B55C40-66AC-42B2-BC61-84B31F8F7629}.Release|x86.Build.0 = Release|Win32
		{C6B55C40-66AC-42B2-BC61-84B31F8F7629}.Template|x86.ActiveCfg = Template|Win32
		{C6B55C40-66AC-42B2-BC61-84B31F8F7629}.Template|x86.Build.0 = Template|Win32
		{B0CEDE16-6C91-4749-B701-387FC29BC90D}.Debug|x86.ActiveCfg = Debug|Win32
		{B0CEDE16-6C91-4749-B701-387FC29BC90D}.Debug|x86.Build.0 = Debug|Win32
		{B0CEDE16-6C91-4749-B701-387FC29BC90D}.Release|x86.ActiveCfg = Release|Win32
		{B0CEDE16-6C91-4749-B701-387FC29BC90D}.Release|x86.Build.0 = Release|Win32
		{B0CEDE16-6C91-4749-B701-387FC29BC90D}.Template|x86.ActiveCfg = Template|Win32
		{B0CEDE16-6C91-4749-B701-387FC29BC90D}.Template|x86.Build.0 = Template|Win32
		{9CECB902-C6D5-439F-B406-6506C889D69A}.Debug|x86.ActiveCfg = Debug|Win32
		{9CECB902-C6D5-439F-B406-6506C889D69A}.Debug|x86.Build.0 = Debug|Win32
		{9CECB902-C6D5-439F-B406-6506C889D69A}.Release|x86.ActiveCfg = Release|Win32
		{9CECB902-C6D5-439F-B406-6506C889D69A}.Release|x86.Build.0 = Release|Win32
		{9CECB902-C6D5-439F-B406-6506C889D69A}.Template|x86.ActiveCfg = Template|Win32
		{9CECB902-C6D5-439F-B406-6506C889D69A}.Template|x86.Build.0 = Template|Win32
		{A254BC2A-A7C0-4621-B73E-447A5620F330}.Debug|x86.ActiveCfg = Debug|Win32
		{A254BC2A-A7C0-4621-B73E-447A5620F330}.Debug|x86.Build.0 = Debug|Win32
		{A254BC2A-A7C0-4621-B73E-447A5620F330}.Release|x86.ActiveCfg = Release|Win32
		{A254BC2A-A7C0-4621-B73E-447A5620F330}.Release|x86.Build.0 = Release|Win32
		{A254BC2A-A7C0-4621-B73E-447A5620F330}.Template|x86.ActiveCfg = Template|Win32
		{A254BC2A-A7C0-4621-B73E-447A5620F330}.Template|x86.Build.0 = Template|Win32
		{DBC6CA13-F7B1-4226-B45B-6CFC0ECE4BA9}.Debug|x86.ActiveCfg = Debug|Win32
		{DBC6CA13-F7B1-4226-B45B-6CFC0ECE4BA9}.Debug|x86.Build.0 = Debug|Win32
		{DBC6CA13-F7B1-4226-B45B-6CFC0ECE4BA9}.Release|x86.ActiveCfg = Release|Win32
		{DBC6CA13-F7B1-4226-B45B-6CFC0ECE4BA9}.Release|x86.Build.0 = Release|Win32
		{DBC6CA13-F7B1-4226-B45B-6CFC0ECE4BA9}.Template|x86.ActiveCfg = Template|Win32
		{DBC6CA13-F7B1-4226-B45B-6CFC0ECE4BA9}.Template|x86.Build.0 = Template|Win32
		{FDB6AEB6-DB34-4E8F-A5E5-411502EAD417}.Debug|x86.ActiveCfg = Debug|Win32
		{FDB6AEB6-DB34-4E8F-A5E5-411502EAD417}.Debug|x86.Build.0 = Debug|Win32
		{FDB6AEB6-DB34-4E8F-A5E5-411502EAD417}.Release|x86.ActiveCfg = Release|Win32
		{FDB6AEB6-DB34-4E8F-A5E5-411502EAD417}.Release|x86.Build.0 = Release|Win32
		{FDB6AEB6-DB34-4E8F-A5E5-411502EAD417}.Template|x86.ActiveCfg = Template|Win32
		{FDB6AEB6-DB34-4E8F-A5E5-411502EAD417}.Template|x86.Build.0 = Template|Win32
		{FA30315B-DE55-4A25-8F35-7F6685BC6EA5}.Debug|x86.ActiveCfg = Debug|Win32
		{FA30315B-DE55-4A25-8F35-7F6685BC6EA5}.Debug|x86.Build.0 = Debug|Win32
		{FA30315B-DE55-4A25-8F35-7F6685BC6EA5}.Release|x86.ActiveCfg = Release|Win32
		{FA30315B-DE55-4A25-8F35-7F6685BC6EA5}.Release|x86.Build.0 = Release|Win32
		{FA30315B-DE55-4A25-8F35-7F6685BC6EA5}.Template|x86.ActiveCfg = Template|Win32
		{FA30315B-DE55-4A25-8F35-7F6685BC6EA5}.Template|x86.Build.0 = Template|Win32
		{8F94969C-1BA4-4DAA-8341-C16DE3E14A7B}.Debug|x86.ActiveCfg = Debug|Win32
		{8F94969C-1BA4-4DAA-8341-C16DE3E14A7B}.Debug|x86.Build.0 = Debug|Win32
		{8F94969C-1BA4-4DAA-8341-C16DE3E14A7B}.Release|x86.ActiveCfg = Release|Win32
		{8F94969C-1BA4-4DAA-8341-C16DE3E14A7B}.Release|x86.Build.0 = Release|Win32
		{8F94969C-1BA4-4DAA-8341-C16DE3E14A7B}.Template|x86.ActiveCfg = Template|Win32
		{8F94969C-1BA4-4DAA-8341-C16DE3E14A7B}.Template|x86.Build.0 = Template|Win32
		{F829654A-06C3-4F90-B684-7227F8FB5200}.Debug|x86.ActiveCfg = Debug|Win32
		{F829654A-06C3-4F90-B684-7227F8FB5200}.Debug|x86.Build.0 = Debug|Win32
		{F829654A-06C3-4F90-B684-7227F8FB5200}.Release|x86.ActiveCfg = Release|Win32
		{F829654A-06C3-4F90-B684-7227F8FB5200}.Release|x86.Build.0 = Release|Win32
		{F829654A-06C3-4F90-B684-7227F8FB5200}.Template|x86.ActiveCfg = Template|Win32
		{F829654A-06C3-4F90-B684-7227F8FB5200}.Template|x86.Build.0 = Template|Win32
		{39012CB3-D84F-4AA4-88AD-52B0775E6E2F}.Debug|x86.ActiveCfg = Debug|Win32
		{39012CB3-D84F-4AA4-88AD-52B0775E6E2F}.Debug|x86.Build.0 = Debug|Win32
		{39012CB3-D84F-4AA4-88AD-52B0775E6E2F}.Release|x86.ActiveCfg = Release|Win32
		{39012CB3-D84F-4AA4-88AD-52B0775E6E2F}.Release|x86.Build.0 = Release|Win32
		{39012CB3-D84F-4AA4-88AD-52B0775E6E2F}.Template|x86.ActiveCfg = Template|Win32
		{39012CB3-D84F-4AA4-88AD-52B0775E6E2F}.Template|x86.Build.0 = Template|Win32
		{024E1CB9-B79E-4A9E-8743-0574E0F2FD3D}.Debug|x86.ActiveCfg = Debug|Win32
		{024E1CB9-B79E-4A9E-8743-0574E0F2FD3D}.Debug|x86.Build.0 = Debug|Win32
		{024E1CB9-B79E-4A9E-8743-0574E0F2FD3D}.Release|x86.ActiveCfg = Release|Win32
		{024E1CB9-B79E-4A9E-8743-0574E0F2FD3D}.Release|x86.Build.0 = Release|Win32
		{024E1CB9-B79E-4A9E-8743-0574E0F2FD3D}.Template|x86.ActiveCfg = Template|Win32
		{024E1CB9-B79E-4A9E-8743-0574E0F2FD3D}.Template|x86.Build.0 = Template|Win32
		{C15130D7-E55F-426A-B0BD-349BD703B558}.Debug|x86.ActiveCfg = Debug|Win32
		{C15130D7-E55F-426A-B0BD-349BD703B558}.Debug|x86.Build.0 = Debug|Win32
		{C15130D7-E55F-426A-B0BD-349BD703B558}.Release|x86.ActiveCfg = Release|Win32
		{C15130D7-E55F-426A-B0BD-349BD703B558}.Release|x86.Build.0 = Release|Win32
		{C15130D7-E55F-426A-B0BD-349BD703B558}.Template|x86.ActiveCfg = Template|Win32
		{C15130D7-E55F-426A-B0BD-349BD703B558}.Template|x86.Build.0 = Template|Win32
		{7F330CD5-2603-417D-A116-E5F880F90C91}.Debug|x86.ActiveCfg = Debug|Win32
		{7F330CD5-2603-417D-A116-E5F880F90C91}.Debug|x86.Build.0 = Debug|Win32
		{7F330CD5-2603-417D-A116-E5F880F90C91}.Release|x86.ActiveCfg = Release|Win32
		{7F330CD5-2603-417D-A116-E5F880F90C91}.Release|x86.Build.0 = Release|Win32
		{7F330CD5-2603-417D-A116-E5F880F90C91}.Template|x86.ActiveCfg = Template|Win32
		{7F330CD5-2603-417D-A116-E5F880F90C91}.Template|x86.Build.0 = Template|Win32
		{BDBABAC9-0AEF-4403-9A5C-035402623D3B}.Debug|x86.ActiveCfg = Debug|Win32
		{BDBABAC9-0AEF-4403-9A5C-035402623D3B}.Debug|x86.Build.0 = Debug|Win32
		{BDBABAC9-0AEF-4403-9A5C-035402623D3B}.Release|x86.ActiveCfg = Release|Win32
		{BDBABAC9-0AEF-4403-9A5C-035402623D3B}.Release|x86.Build.0 = Release|Win32
		{BDBABAC9-0AEF-4403-9A5C-035402623D3B}.Template|x86.ActiveCfg = Template|Win32
		{BDBABAC9-0AEF-4403-9A5C-035402623D3B}.Template|x86.Build.0 = Template|Win32
		{6B37A1B7-35EE-41A0-8963-264D23728874}.Debug|x86.ActiveCfg = Debug|Win32
		{6B37A1B7-35EE-41A0-8963-264D23728874}.Debug|x86.Build.0 = Debug|Win32
		{6B37A1B7-35EE-41A0-8963-264D23728874}.Release|x86.ActiveCfg = Release|Win32
		{6B37A1B7-35EE-41A0-8963-264D23728874}.Release|x86.Build.0 = Release|Win32
		{6B37A1B7-35EE-41A0-8963-264D23728874}.Template|x86.ActiveCfg = Template|Win32
		{6B37A1B7-35EE-41A0-8963-264D23728874}.Template|x86.Build.0 = Template|Win32
		{3DAA1D3F-17BB-4E5B-99C0-A67FADB14E16}.Debug|x86.ActiveCfg = Debug|Win32
		{3DAA1D3F-17BB-4E5B-99C0-A67FADB14E16}.Debug|x86.Build.0 = Debug|Win32
		{3DAA1D3F-17BB-4E5B-99C0-A67FADB14E16}.Release|x86.ActiveCfg = Release|Win32
		{3DAA1D3F-17BB-4E5B-99C0-A67FADB14E16}.Release|x86.Build.0 = Release|Win32
		{3DAA1D3F-17BB-4E5B-99C0-A67FADB14E16}.Template|x86.ActiveCfg = Template|Win32
		{3DAA1D3F-17BB-4E5B-99C0-A67FADB14E16}.Template|x86.Build.0 = Template|Win32
		{F418BF1A-1D60-4147-9653-18D2B9CE107B}.Debug|x86.ActiveCfg = Debug|Win32
		{F418BF1A-1D60-4147-9653-18D2B9CE107B}.Debug|x86.Build.0 = Debug|Win32
		{F418BF1A-1D60-4147-9653-18D2B9CE107B}.Release|x86.ActiveCfg = Release|Win32
		{F418BF1A-1D60-4147-9653-18D2B9CE107B}.Release|x86.Build.0 = Release|Win32
		{F418BF1A-1D60-4147-9653-18D2B9CE107B}.Template|x86.ActiveCfg = Template|Win32
		{F418BF1A-1D60-4147-9653-18D2B9CE107B}.Template|x86.Build.0 = Template|Win32
		{BFA5C9E0-F47F-45B2-B795-8221DB65E563}.Debug|x86.ActiveCfg = Debug|Win32
		{BFA5C9E0-F47F-45B2-B795-8221DB65E563}.Debug|x86.Build.0 = Debug|Win32
		{BFA5C9E0-F47F-45B2-B795-8221DB65E563}.Release|x86.ActiveCfg = Release|Win32
		{BFA5C9E0-F47F-45B2-B795-8221DB65E563}.Release|x86.Build.0 = Release|Win32
		{BFA5C9E0-F47F-45B2-B795-8221DB65E563}.Template|x86.ActiveCfg = Template|Win32
		{BFA5C9E0-F47F-45B2-B795-8221DB65E563}.Template|x86.Build.0 = Template|Win32
	EndGlobalSection
	GlobalSection(SolutionProperties) = preSolution
		HideSolutionNode = FALSE
	EndGlobalSection
EndGlobal
