<?xml version="1.0" encoding="utf-8"?>
<Project ToolsVersion="4.0" xmlns="http://schemas.microsoft.com/developer/msbuild/2003">
  <ItemGroup>
    <Filter Include="Source Files">
      <UniqueIdentifier>{6065cedc-e14f-4af5-9d24-d20bb208a1e0}</UniqueIdentifier>
      <Extensions>cpp;c;cxx;rc;def;r;odl;idl;hpj;bat</Extensions>
    </Filter>
    <Filter Include="Header Files">
      <UniqueIdentifier>{23ccef02-6359-4c51-8970-8da5635d42f3}</UniqueIdentifier>
      <Extensions>h;hpp;hxx;hm;inl</Extensions>
    </Filter>
    <Filter Include="Resource Files">
      <UniqueIdentifier>{bbfb6ee6-eb89-4253-a3dd-8d5e6fcfe673}</UniqueIdentifier>
      <Extensions>ico;cur;bmp;dlg;rc2;rct;bin;rgs;gif;jpg;jpeg;jpe</Extensions>
    </Filter>
  </ItemGroup>
  <ItemGroup>
    <ClCompile Include="assem_x86\asm_insts.cpp">
      <Filter>Source Files</Filter>
    </ClCompile>
    <ClCompile Include="assem_x86\assem_x86.cpp">
      <Filter>Source Files</Filter>
    </ClCompile>
    <ClCompile Include="codegen_x86\codegen_x86.cpp">
      <Filter>Source Files</Filter>
    </ClCompile>
    <ClCompile Include="decl.cpp">
      <Filter>Source Files</Filter>
    </ClCompile>
    <ClCompile Include="declnode.cpp">
      <Filter>Source Files</Filter>
    </ClCompile>
    <ClCompile Include="environ.cpp">
      <Filter>Source Files</Filter>
    </ClCompile>
    <ClCompile Include="exprnode.cpp">
      <Filter>Source Files</Filter>
    </ClCompile>
    <ClCompile Include="libs.cpp">
      <Filter>Source Files</Filter>
    </ClCompile>
    <ClCompile Include="main.cpp">
      <Filter>Source Files</Filter>
    </ClCompile>
    <ClCompile Include="node.cpp">
      <Filter>Source Files</Filter>
    </ClCompile>
    <ClCompile Include="assem_x86\operand.cpp">
      <Filter>Source Files</Filter>
    </ClCompile>
    <ClCompile Include="parser.cpp">
      <Filter>Source Files</Filter>
    </ClCompile>
    <ClCompile Include="prognode.cpp">
      <Filter>Source Files</Filter>
    </ClCompile>
    <ClCompile Include="std.cpp">
      <Filter>Source Files</Filter>
    </ClCompile>
    <ClCompile Include="stdutil.cpp">
      <Filter>Source Files</Filter>
    </ClCompile>
    <ClCompile Include="stmtnode.cpp">
      <Filter>Source Files</Filter>
    </ClCompile>
    <ClCompile Include="codegen_x86\tile.cpp">
      <Filter>Source Files</Filter>
    </ClCompile>
    <ClCompile Include="toker.cpp">
      <Filter>Source Files</Filter>
    </ClCompile>
    <ClCompile Include="type.cpp">
      <Filter>Source Files</Filter>
    </ClCompile>
    <ClCompile Include="varnode.cpp">
      <Filter>Source Files</Filter>
    </ClCompile>
  </ItemGroup>
  <ItemGroup>
    <ClInclude Include="assem.h">
      <Filter>Header Files</Filter>
    </ClInclude>
    <ClInclude Include="assem_x86\assem_x86.h">
      <Filter>Header Files</Filter>
    </ClInclude>
    <ClInclude Include="codegen.h">
      <Filter>Header Files</Filter>
    </ClInclude>
    <ClInclude Include="codegen_x86\codegen_x86.h">
      <Filter>Header Files</Filter>
    </ClInclude>
    <ClInclude Include="decl.h">
      <Filter>Header Files</Filter>
    </ClInclude>
    <ClInclude Include="declnode.h">
      <Filter>Header Files</Filter>
    </ClInclude>
    <ClInclude Include="environ.h">
      <Filter>Header Files</Filter>
    </ClInclude>
    <ClInclude Include="ex.h">
      <Filter>Header Files</Filter>
    </ClInclude>
    <ClInclude Include="exprnode.h">
      <Filter>Header Files</Filter>
    </ClInclude>
    <ClInclude Include="assem_x86\insts.h">
      <Filter>Header Files</Filter>
    </ClInclude>
    <ClInclude Include="label.h">
      <Filter>Header Files</Filter>
    </ClInclude>
    <ClInclude Include="libs.h">
      <Filter>Header Files</Filter>
    </ClInclude>
    <ClInclude Include="linker.H">
      <Filter>Header Files</Filter>
    </ClInclude>
    <ClInclude Include="node.h">
      <Filter>Header Files</Filter>
    </ClInclude>
    <ClInclude Include="nodes.h">
      <Filter>Header Files</Filter>
    </ClInclude>
    <ClInclude Include="assem_x86\operand.h">
      <Filter>Header Files</Filter>
    </ClInclude>
    <ClInclude Include="parser.h">
      <Filter>Header Files</Filter>
    </ClInclude>
    <ClInclude Include="prognode.h">
      <Filter>Header Files</Filter>
    </ClInclude>
    <ClInclude Include="runtime.h">
      <Filter>Header Files</Filter>
    </ClInclude>
    <ClInclude Include="std.h">
      <Filter>Header Files</Filter>
    </ClInclude>
    <ClInclude Include="stdutil.h">
      <Filter>Header Files</Filter>
    </ClInclude>
    <ClInclude Include="stmtnode.h">
      <Filter>Header Files</Filter>
    </ClInclude>
    <ClInclude Include="codegen_x86\tile.h">
      <Filter>Header Files</Filter>
    </ClInclude>
    <ClInclude Include="toker.h">
      <Filter>Header Files</Filter>
    </ClInclude>
    <ClInclude Include="type.h">
      <Filter>Header Files</Filter>
    </ClInclude>
    <ClInclude Include="varnode.h">
      <Filter>Header Files</Filter>
    </ClInclude>
    <ClInclude Include="config.h">
      <Filter>Header Files</Filter>
    </ClInclude>
  </ItemGroup>
</Project>